
Microsoft Visual Studio Solution File, Format Version 12.00
# Visual Studio Version 17
VisualStudioVersion = 17.7.34018.315
MinimumVisualStudioVersion = 10.0.40219.1
Project("{2150E333-8FDC-42A3-9474-1A3956D46DE8}") = "src", "src", "{BA953B2C-3F25-497D-81C6-32EFD0F158A7}"
EndProject
Project("{2150E333-8FDC-42A3-9474-1A3956D46DE8}") = "tests", "tests", "{82D6CF2F-13EF-4B63-99EE-599BAA0D5816}"
EndProject
Project("{9A19103F-16F7-4668-BE54-9A1E7A4F7556}") = "ApplicationCore", "src\ApplicationCore\ApplicationCore.csproj", "{1B6A726C-C03B-49D6-B279-0AA2F63257D0}"
EndProject
Project("{9A19103F-16F7-4668-BE54-9A1E7A4F7556}") = "Infrastructure", "src\Infrastructure\Infrastructure.csproj", "{269C69CF-559A-4552-9158-AFE0DD99CCC6}"
EndProject
Project("{9A19103F-16F7-4668-BE54-9A1E7A4F7556}") = "Web", "src\Web\Web.csproj", "{88247E7C-96C0-41F3-BE00-2D5954B6C868}"
EndProject
Project("{9A19103F-16F7-4668-BE54-9A1E7A4F7556}") = "UnitTests", "tests\UnitTests\UnitTests.csproj", "{CC8F305E-6BE9-4647-95E1-999993EFC583}"
EndProject
Project("{2150E333-8FDC-42A3-9474-1A3956D46DE8}") = "Solution Items", "Solution Items", "{A4FD1343-1725-4948-B3FD-7A3497D69639}"
	ProjectSection(SolutionItems) = preProject
		README.md = README.md
	EndProjectSection
EndProject
Global
	GlobalSection(SolutionConfigurationPlatforms) = preSolution
		Debug|Any CPU = Debug|Any CPU
		Release|Any CPU = Release|Any CPU
	EndGlobalSection
	GlobalSection(ProjectConfigurationPlatforms) = postSolution
		{1B6A726C-C03B-49D6-B279-0AA2F63257D0}.Debug|Any CPU.ActiveCfg = Debug|Any CPU
		{1B6A726C-C03B-49D6-B279-0AA2F63257D0}.Debug|Any CPU.Build.0 = Debug|Any CPU
		{1B6A726C-C03B-49D6-B279-0AA2F63257D0}.Release|Any CPU.ActiveCfg = Release|Any CPU
		{1B6A726C-C03B-49D6-B279-0AA2F63257D0}.Release|Any CPU.Build.0 = Release|Any CPU
		{269C69CF-559A-4552-9158-AFE0DD99CCC6}.Debug|Any CPU.ActiveCfg = Debug|Any CPU
		{269C69CF-559A-4552-9158-AFE0DD99CCC6}.Debug|Any CPU.Build.0 = Debug|Any CPU
		{269C69CF-559A-4552-9158-AFE0DD99CCC6}.Release|Any CPU.ActiveCfg = Release|Any CPU
		{269C69CF-559A-4552-9158-AFE0DD99CCC6}.Release|Any CPU.Build.0 = Release|Any CPU
		{88247E7C-96C0-41F3-BE00-2D5954B6C868}.Debug|Any CPU.ActiveCfg = Debug|Any CPU
		{88247E7C-96C0-41F3-BE00-2D5954B6C868}.Debug|Any CPU.Build.0 = Debug|Any CPU
		{88247E7C-96C0-41F3-BE00-2D5954B6C868}.Release|Any CPU.ActiveCfg = Release|Any CPU
		{88247E7C-96C0-41F3-BE00-2D5954B6C868}.Release|Any CPU.Build.0 = Release|Any CPU
		{CC8F305E-6BE9-4647-95E1-999993EFC583}.Debug|Any CPU.ActiveCfg = Debug|Any CPU
		{CC8F305E-6BE9-4647-95E1-999993EFC583}.Debug|Any CPU.Build.0 = Debug|Any CPU
		{CC8F305E-6BE9-4647-95E1-999993EFC583}.Release|Any CPU.ActiveCfg = Release|Any CPU
		{CC8F305E-6BE9-4647-95E1-999993EFC583}.Release|Any CPU.Build.0 = Release|Any CPU
	EndGlobalSection
	GlobalSection(SolutionProperties) = preSolution
		HideSolutionNode = FALSE
	EndGlobalSection
	GlobalSection(NestedProjects) = preSolution
		{1B6A726C-C03B-49D6-B279-0AA2F63257D0} = {BA953B2C-3F25-497D-81C6-32EFD0F158A7}
		{269C69CF-559A-4552-9158-AFE0DD99CCC6} = {BA953B2C-3F25-497D-81C6-32EFD0F158A7}
		{88247E7C-96C0-41F3-BE00-2D5954B6C868} = {BA953B2C-3F25-497D-81C6-32EFD0F158A7}
		{CC8F305E-6BE9-4647-95E1-999993EFC583} = {82D6CF2F-13EF-4B63-99EE-599BAA0D5816}
	EndGlobalSection
	GlobalSection(ExtensibilityGlobals) = postSolution
		SolutionGuid = {6CB62A0A-E69E-451C-B644-AA8616201219}
	EndGlobalSection
EndGlobal
